
Microsoft Visual Studio Solution File, Format Version 12.00
# Visual Studio Version 17
VisualStudioVersion = 17.11.35312.102
MinimumVisualStudioVersion = 10.0.40219.1
Project("{9A19103F-16F7-4668-BE54-9A1E7A4F7556}") = "Client", "Client\Client.csproj", "{A6907F96-2877-4024-AB22-6C09B62E0C0B}"
EndProject
Project("{9A19103F-16F7-4668-BE54-9A1E7A4F7556}") = "Server", "Server\Server.csproj", "{DB1BBF2B-2D00-4C6C-9FF0-0713C2F83204}"
EndProject
Project("{9A19103F-16F7-4668-BE54-9A1E7A4F7556}") = "Shared", "Shared\Shared.csproj", "{92ACB9A1-95D1-47DA-9D40-2646537B2194}"
EndProject
Project("{FAE04EC0-301F-11D3-BF4B-00C04F79EFBC}") = "Testing", "Testing\Testing.csproj", "{34C71C62-8420-44F4-816F-71DB70BEA9B8}"
EndProject
Global
	GlobalSection(SolutionConfigurationPlatforms) = preSolution
		Debug|Any CPU = Debug|Any CPU
		Release|Any CPU = Release|Any CPU
	EndGlobalSection
	GlobalSection(ProjectConfigurationPlatforms) = postSolution
		{A6907F96-2877-4024-AB22-6C09B62E0C0B}.Debug|Any CPU.ActiveCfg = Debug|Any CPU
		{A6907F96-2877-4024-AB22-6C09B62E0C0B}.Debug|Any CPU.Build.0 = Debug|Any CPU
		{A6907F96-2877-4024-AB22-6C09B62E0C0B}.Release|Any CPU.ActiveCfg = Release|Any CPU
		{A6907F96-2877-4024-AB22-6C09B62E0C0B}.Release|Any CPU.Build.0 = Release|Any CPU
		{DB1BBF2B-2D00-4C6C-9FF0-0713C2F83204}.Debug|Any CPU.ActiveCfg = Debug|Any CPU
		{DB1BBF2B-2D00-4C6C-9FF0-0713C2F83204}.Debug|Any CPU.Build.0 = Debug|Any CPU
		{DB1BBF2B-2D00-4C6C-9FF0-0713C2F83204}.Release|Any CPU.ActiveCfg = Release|Any CPU
		{DB1BBF2B-2D00-4C6C-9FF0-0713C2F83204}.Release|Any CPU.Build.0 = Release|Any CPU
		{92ACB9A1-95D1-47DA-9D40-2646537B2194}.Debug|Any CPU.ActiveCfg = Debug|Any CPU
		{92ACB9A1-95D1-47DA-9D40-2646537B2194}.Debug|Any CPU.Build.0 = Debug|Any CPU
		{92ACB9A1-95D1-47DA-9D40-2646537B2194}.Release|Any CPU.ActiveCfg = Release|Any CPU
		{92ACB9A1-95D1-47DA-9D40-2646537B2194}.Release|Any CPU.Build.0 = Release|Any CPU
		{34C71C62-8420-44F4-816F-71DB70BEA9B8}.Debug|Any CPU.ActiveCfg = Debug|Any CPU
		{34C71C62-8420-44F4-816F-71DB70BEA9B8}.Debug|Any CPU.Build.0 = Debug|Any CPU
		{34C71C62-8420-44F4-816F-71DB70BEA9B8}.Release|Any CPU.ActiveCfg = Release|Any CPU
		{34C71C62-8420-44F4-816F-71DB70BEA9B8}.Release|Any CPU.Build.0 = Release|Any CPU
	EndGlobalSection
	GlobalSection(SolutionProperties) = preSolution
		HideSolutionNode = FALSE
	EndGlobalSection
	GlobalSection(ExtensibilityGlobals) = postSolution
		SolutionGuid = {6D095C94-4F19-4E7D-AF1A-D97041745F82}
	EndGlobalSection
EndGlobal
